
Microsoft Visual Studio Solution File, Format Version 12.00
# Visual Studio 2012
Project("{FAE04EC0-301F-11D3-BF4B-00C04F79EFBC}") = "Color to Gray", "Color to Gray\Color to Gray.csproj", "{ECFBE584-AB62-462A-8A80-5EC774D3C198}"
EndProject
Global
	GlobalSection(SolutionConfigurationPlatforms) = preSolution
		Debug|Any CPU = Debug|Any CPU
		Release|Any CPU = Release|Any CPU
	EndGlobalSection
	GlobalSection(ProjectConfigurationPlatforms) = postSolution
		{ECFBE584-AB62-462A-8A80-5EC774D3C198}.Debug|Any CPU.ActiveCfg = Debug|Any CPU
		{ECFBE584-AB62-462A-8A80-5EC774D3C198}.Debug|Any CPU.Build.0 = Debug|Any CPU
		{ECFBE584-AB62-462A-8A80-5EC774D3C198}.Release|Any CPU.ActiveCfg = Release|Any CPU
		{ECFBE584-AB62-462A-8A80-5EC774D3C198}.Release|Any CPU.Build.0 = Release|Any CPU
	EndGlobalSection
	GlobalSection(SolutionProperties) = preSolution
		HideSolutionNode = FALSE
	EndGlobalSection
EndGlobal
