
Microsoft Visual Studio Solution File, Format Version 12.00
# Visual Studio 2012
Project("{FAE04EC0-301F-11D3-BF4B-00C04F79EFBC}") = "ListBoxImages", "ListBoxImages\ListBoxImages.csproj", "{2192C012-E2B0-4224-AE4A-63009E3A7F7B}"
EndProject
Global
	GlobalSection(SolutionConfigurationPlatforms) = preSolution
		Debug|Any CPU = Debug|Any CPU
		Release|Any CPU = Release|Any CPU
	EndGlobalSection
	GlobalSection(ProjectConfigurationPlatforms) = postSolution
		{2192C012-E2B0-4224-AE4A-63009E3A7F7B}.Debug|Any CPU.ActiveCfg = Debug|Any CPU
		{2192C012-E2B0-4224-AE4A-63009E3A7F7B}.Debug|Any CPU.Build.0 = Debug|Any CPU
		{2192C012-E2B0-4224-AE4A-63009E3A7F7B}.Release|Any CPU.ActiveCfg = Release|Any CPU
		{2192C012-E2B0-4224-AE4A-63009E3A7F7B}.Release|Any CPU.Build.0 = Release|Any CPU
	EndGlobalSection
	GlobalSection(SolutionProperties) = preSolution
		HideSolutionNode = FALSE
	EndGlobalSection
EndGlobal
